<?xml version="1.0" encoding="UTF-8"?>
<!DOCTYPE plist PUBLIC "-//Apple//DTD PLIST 1.0//EN" "http://www.apple.com/DTDs/PropertyList-1.0.dtd">
<plist version="1.0">
<dict>
	<key>archiveVersion</key>
	<string>1</string>
	<key>classes</key>
	<dict/>
	<key>objectVersion</key>
	<string>46</string>
	<key>objects</key>
	<dict>
		<key>0ECABE6105221AE829DD38E4</key>
		<dict>
			<key>fileRef</key>
			<string>4F800DD897C42965F853C6E9</string>
			<key>isa</key>
			<string>PBXBuildFile</string>
		</dict>
		<key>16A27979512E3A839AF36A10</key>
		<dict>
			<key>fileRef</key>
			<string>DC365AFD26FE58B44BA79200</string>
			<key>isa</key>
			<string>PBXBuildFile</string>
		</dict>
		<key>22E2928CDBB4791E65A5BF8F</key>
		<dict>
			<key>fileRef</key>
			<string>A7420523E28C038306F0CB5C</string>
			<key>isa</key>
			<string>PBXBuildFile</string>
		</dict>
		<key>2526733D5341F6D5D2D4211D</key>
		<dict>
			<key>fileRef</key>
			<string>F3D1DBA94C26B29B1DDE0302</string>
			<key>isa</key>
			<string>PBXBuildFile</string>
		</dict>
		<key>4F800DD897C42965F853C6E9</key>
		<dict>
			<key>isa</key>
			<string>PBXFileReference</string>
			<key>lastKnownFileType</key>
			<string>wrapper.framework</string>
			<key>name</key>
			<string>QuartzCore.framework</string>
			<key>path</key>
			<string>System/Library/Frameworks/QuartzCore.framework</string>
			<key>sourceTree</key>
			<string>SDKROOT</string>
		</dict>
		<key>59011138145196FC80B4A82A</key>
		<dict>
			<key>isa</key>
			<string>PBXFileReference</string>
			<key>lastKnownFileType</key>
			<string>wrapper.framework</string>
			<key>name</key>
			<string>CoreTelephony.framework</string>
			<key>path</key>
			<string>System/Library/Frameworks/CoreTelephony.framework</string>
			<key>sourceTree</key>
			<string>SDKROOT</string>
		</dict>
		<key>64729410DE51A66A76157C1D</key>
		<dict>
			<key>fileRef</key>
			<string>95213050E0DEEDD40C4442A5</string>
			<key>isa</key>
			<string>PBXBuildFile</string>
		</dict>
		<key>86158BC99E6D427705B32953</key>
		<dict>
			<key>fileRef</key>
			<string>FE65E42EBD770AD037BC702B</string>
			<key>isa</key>
			<string>PBXBuildFile</string>
		</dict>
		<key>9075E7E3B54A116F122BBDA4</key>
		<dict>
			<key>fileRef</key>
			<string>59011138145196FC80B4A82A</string>
			<key>isa</key>
			<string>PBXBuildFile</string>
		</dict>
		<key>95213050E0DEEDD40C4442A5</key>
		<dict>
			<key>isa</key>
			<string>PBXFileReference</string>
			<key>lastKnownFileType</key>
			<string>wrapper.framework</string>
			<key>name</key>
			<string>BuddyBuildSDK.framework</string>
			<key>path</key>
			<string>BuddyBuildSDK.framework</string>
			<key>sourceTree</key>
			<string>&lt;group&gt;</string>
		</dict>
		<key>A7420523E28C038306F0CB5C</key>
		<dict>
			<key>isa</key>
			<string>PBXFileReference</string>
			<key>lastKnownFileType</key>
			<string>wrapper.framework</string>
			<key>name</key>
			<string>CoreVideo.framework</string>
			<key>path</key>
			<string>System/Library/Frameworks/CoreVideo.framework</string>
			<key>sourceTree</key>
			<string>SDKROOT</string>
		</dict>
		<key>AA9AC7B0A51981656416D6D8</key>
		<dict>
			<key>isa</key>
			<string>PBXFileReference</string>
			<key>lastKnownFileType</key>
			<string>wrapper.framework</string>
			<key>name</key>
			<string>CoreText.framework</string>
			<key>path</key>
			<string>System/Library/Frameworks/CoreText.framework</string>
			<key>sourceTree</key>
			<string>SDKROOT</string>
		</dict>
		<key>B52D00429BA520145D8E8132</key>
		<dict>
			<key>fileRef</key>
			<string>AA9AC7B0A51981656416D6D8</string>
			<key>isa</key>
			<string>PBXBuildFile</string>
		</dict>
		<key>B9B009B539A9189A59977BF2</key>
		<dict>
			<key>fileRef</key>
			<string>E3708A939A64B4BEF91C1BD7</string>
			<key>isa</key>
			<string>PBXBuildFile</string>
		</dict>
		<key>DC365AFD26FE58B44BA79200</key>
		<dict>
			<key>isa</key>
			<string>PBXFileReference</string>
			<key>lastKnownFileType</key>
			<string>wrapper.framework</string>
			<key>name</key>
			<string>CoreMedia.framework</string>
			<key>path</key>
			<string>System/Library/Frameworks/CoreMedia.framework</string>
			<key>sourceTree</key>
			<string>SDKROOT</string>
		</dict>
		<key>E3708A939A64B4BEF91C1BD7</key>
		<dict>
			<key>isa</key>
			<string>PBXFileReference</string>
			<key>lastKnownFileType</key>
			<string>wrapper.framework</string>
			<key>name</key>
			<string>SystemConfiguration.framework</string>
			<key>path</key>
			<string>System/Library/Frameworks/SystemConfiguration.framework</string>
			<key>sourceTree</key>
			<string>SDKROOT</string>
		</dict>
		<key>ED122BC6181057BC00A70384</key>
		<dict>
			<key>children</key>
			<array>
				<string>ED122BD8181057BD00A70384</string>
				<string>ED122BF1181057BD00A70384</string>
				<string>ED122BD1181057BC00A70384</string>
				<string>ED122BD0181057BC00A70384</string>
			</array>
			<key>isa</key>
			<string>PBXGroup</string>
			<key>sourceTree</key>
			<string>&lt;group&gt;</string>
		</dict>
		<key>ED122BC7181057BC00A70384</key>
		<dict>
			<key>attributes</key>
			<dict>
				<key>LastUpgradeCheck</key>
				<string>0500</string>
				<key>ORGANIZATIONNAME</key>
				<string>Facebook Inc</string>
				<key>TargetAttributes</key>
				<dict>
					<key>ED122BE9181057BD00A70384</key>
					<dict>
						<key>TestTargetID</key>
						<string>ED122BCE181057BC00A70384</string>
					</dict>
				</dict>
			</dict>
			<key>buildConfigurationList</key>
			<string>ED122BCA181057BC00A70384</string>
			<key>compatibilityVersion</key>
			<string>Xcode 3.2</string>
			<key>developmentRegion</key>
			<string>English</string>
			<key>hasScannedForEncodings</key>
			<string>0</string>
			<key>isa</key>
			<string>PBXProject</string>
			<key>knownRegions</key>
			<array>
				<string>en</string>
			</array>
			<key>mainGroup</key>
			<string>ED122BC6181057BC00A70384</string>
			<key>productRefGroup</key>
			<string>ED122BD0181057BC00A70384</string>
			<key>projectDirPath</key>
			<string></string>
			<key>projectReferences</key>
			<array/>
			<key>projectRoot</key>
			<string></string>
			<key>targets</key>
			<array>
				<string>ED122BCE181057BC00A70384</string>
				<string>ED122BE9181057BD00A70384</string>
			</array>
		</dict>
		<key>ED122BCA181057BC00A70384</key>
		<dict>
			<key>buildConfigurations</key>
			<array>
				<string>ED122BF9181057BD00A70384</string>
				<string>ED122BFA181057BD00A70384</string>
			</array>
			<key>defaultConfigurationIsVisible</key>
			<string>0</string>
			<key>defaultConfigurationName</key>
			<string>Release</string>
			<key>isa</key>
			<string>XCConfigurationList</string>
		</dict>
		<key>ED122BCB181057BC00A70384</key>
		<dict>
			<key>buildActionMask</key>
			<string>2147483647</string>
			<key>files</key>
			<array>
				<string>ED122BE3181057BD00A70384</string>
				<string>ED122BDF181057BD00A70384</string>
				<string>ED122C041810589E00A70384</string>
			</array>
			<key>isa</key>
			<string>PBXSourcesBuildPhase</string>
			<key>runOnlyForDeploymentPostprocessing</key>
			<string>0</string>
		</dict>
		<key>ED122BCC181057BC00A70384</key>
		<dict>
			<key>buildActionMask</key>
			<string>2147483647</string>
			<key>files</key>
			<array>
				<string>ED122BD5181057BD00A70384</string>
				<string>ED122C0718105C0B00A70384</string>
				<string>ED122BD7181057BD00A70384</string>
				<string>ED122BD3181057BD00A70384</string>
				<string>64729410DE51A66A76157C1D</string>
				<string>2526733D5341F6D5D2D4211D</string>
				<string>B52D00429BA520145D8E8132</string>
				<string>9075E7E3B54A116F122BBDA4</string>
				<string>B9B009B539A9189A59977BF2</string>
				<string>0ECABE6105221AE829DD38E4</string>
				<string>86158BC99E6D427705B32953</string>
				<string>16A27979512E3A839AF36A10</string>
				<string>22E2928CDBB4791E65A5BF8F</string>
			</array>
			<key>isa</key>
			<string>PBXFrameworksBuildPhase</string>
			<key>runOnlyForDeploymentPostprocessing</key>
			<string>0</string>
		</dict>
		<key>ED122BCD181057BC00A70384</key>
		<dict>
			<key>buildActionMask</key>
			<string>2147483647</string>
			<key>files</key>
			<array>
				<string>ED122BDD181057BD00A70384</string>
				<string>ED122BE5181057BD00A70384</string>
				<string>ED122C051810589E00A70384</string>
			</array>
			<key>isa</key>
			<string>PBXResourcesBuildPhase</string>
			<key>runOnlyForDeploymentPostprocessing</key>
			<string>0</string>
		</dict>
		<key>ED122BCE181057BC00A70384</key>
		<dict>
			<key>buildConfigurationList</key>
			<string>ED122BFB181057BD00A70384</string>
			<key>buildPhases</key>
			<array>
				<string>ED122BCB181057BC00A70384</string>
				<string>ED122BCC181057BC00A70384</string>
				<string>ED122BCD181057BC00A70384</string>
			</array>
			<key>buildRules</key>
			<array/>
			<key>dependencies</key>
			<array/>
			<key>isa</key>
			<string>PBXNativeTarget</string>
			<key>name</key>
			<string>FBGraphAPISample</string>
			<key>productName</key>
			<string>FBGraphAPISample</string>
			<key>productReference</key>
			<string>ED122BCF181057BC00A70384</string>
			<key>productType</key>
			<string>com.apple.product-type.application</string>
		</dict>
		<key>ED122BCF181057BC00A70384</key>
		<dict>
			<key>explicitFileType</key>
			<string>wrapper.application</string>
			<key>includeInIndex</key>
			<string>0</string>
			<key>isa</key>
			<string>PBXFileReference</string>
			<key>path</key>
			<string>FBGraphAPISample.app</string>
			<key>sourceTree</key>
			<string>BUILT_PRODUCTS_DIR</string>
		</dict>
		<key>ED122BD0181057BC00A70384</key>
		<dict>
			<key>children</key>
			<array>
				<string>ED122BCF181057BC00A70384</string>
				<string>ED122BEA181057BD00A70384</string>
			</array>
			<key>isa</key>
			<string>PBXGroup</string>
			<key>name</key>
			<string>Products</string>
			<key>sourceTree</key>
			<string>&lt;group&gt;</string>
		</dict>
		<key>ED122BD1181057BC00A70384</key>
		<dict>
			<key>children</key>
			<array>
				<string>ED122C0618105C0B00A70384</string>
				<string>ED122BD2181057BD00A70384</string>
				<string>ED122BD4181057BD00A70384</string>
				<string>ED122BD6181057BD00A70384</string>
				<string>ED122BEB181057BD00A70384</string>
				<string>95213050E0DEEDD40C4442A5</string>
				<string>F3D1DBA94C26B29B1DDE0302</string>
				<string>AA9AC7B0A51981656416D6D8</string>
				<string>59011138145196FC80B4A82A</string>
				<string>E3708A939A64B4BEF91C1BD7</string>
				<string>4F800DD897C42965F853C6E9</string>
				<string>FE65E42EBD770AD037BC702B</string>
				<string>DC365AFD26FE58B44BA79200</string>
				<string>A7420523E28C038306F0CB5C</string>
			</array>
			<key>isa</key>
			<string>PBXGroup</string>
			<key>name</key>
			<string>Frameworks</string>
			<key>sourceTree</key>
			<string>&lt;group&gt;</string>
		</dict>
		<key>ED122BD2181057BD00A70384</key>
		<dict>
			<key>isa</key>
			<string>PBXFileReference</string>
			<key>lastKnownFileType</key>
			<string>wrapper.framework</string>
			<key>name</key>
			<string>Foundation.framework</string>
			<key>path</key>
			<string>System/Library/Frameworks/Foundation.framework</string>
			<key>sourceTree</key>
			<string>SDKROOT</string>
		</dict>
		<key>ED122BD3181057BD00A70384</key>
		<dict>
			<key>fileRef</key>
			<string>ED122BD2181057BD00A70384</string>
			<key>isa</key>
			<string>PBXBuildFile</string>
		</dict>
		<key>ED122BD4181057BD00A70384</key>
		<dict>
			<key>isa</key>
			<string>PBXFileReference</string>
			<key>lastKnownFileType</key>
			<string>wrapper.framework</string>
			<key>name</key>
			<string>CoreGraphics.framework</string>
			<key>path</key>
			<string>System/Library/Frameworks/CoreGraphics.framework</string>
			<key>sourceTree</key>
			<string>SDKROOT</string>
		</dict>
		<key>ED122BD5181057BD00A70384</key>
		<dict>
			<key>fileRef</key>
			<string>ED122BD4181057BD00A70384</string>
			<key>isa</key>
			<string>PBXBuildFile</string>
		</dict>
		<key>ED122BD6181057BD00A70384</key>
		<dict>
			<key>isa</key>
			<string>PBXFileReference</string>
			<key>lastKnownFileType</key>
			<string>wrapper.framework</string>
			<key>name</key>
			<string>UIKit.framework</string>
			<key>path</key>
			<string>System/Library/Frameworks/UIKit.framework</string>
			<key>sourceTree</key>
			<string>SDKROOT</string>
		</dict>
		<key>ED122BD7181057BD00A70384</key>
		<dict>
			<key>fileRef</key>
			<string>ED122BD6181057BD00A70384</string>
			<key>isa</key>
			<string>PBXBuildFile</string>
		</dict>
		<key>ED122BD8181057BD00A70384</key>
		<dict>
			<key>children</key>
			<array>
				<string>ED122BE1181057BD00A70384</string>
				<string>ED122BE2181057BD00A70384</string>
				<string>ED122C011810589E00A70384</string>
				<string>ED122C021810589E00A70384</string>
				<string>ED122C031810589E00A70384</string>
				<string>ED122BE4181057BD00A70384</string>
				<string>ED122BD9181057BD00A70384</string>
			</array>
			<key>isa</key>
			<string>PBXGroup</string>
			<key>path</key>
			<string>FBGraphAPISample</string>
			<key>sourceTree</key>
			<string>&lt;group&gt;</string>
		</dict>
		<key>ED122BD9181057BD00A70384</key>
		<dict>
			<key>children</key>
			<array>
				<string>ED122BDA181057BD00A70384</string>
				<string>ED122BDB181057BD00A70384</string>
				<string>ED122BDE181057BD00A70384</string>
				<string>ED122BE0181057BD00A70384</string>
			</array>
			<key>isa</key>
			<string>PBXGroup</string>
			<key>name</key>
			<string>Supporting Files</string>
			<key>sourceTree</key>
			<string>&lt;group&gt;</string>
		</dict>
		<key>ED122BDA181057BD00A70384</key>
		<dict>
			<key>isa</key>
			<string>PBXFileReference</string>
			<key>lastKnownFileType</key>
			<string>text.plist.xml</string>
			<key>path</key>
			<string>FBGraphAPISample-Info.plist</string>
			<key>sourceTree</key>
			<string>&lt;group&gt;</string>
		</dict>
		<key>ED122BDB181057BD00A70384</key>
		<dict>
			<key>children</key>
			<array>
				<string>ED122BDC181057BD00A70384</string>
			</array>
			<key>isa</key>
			<string>PBXVariantGroup</string>
			<key>name</key>
			<string>InfoPlist.strings</string>
			<key>sourceTree</key>
			<string>&lt;group&gt;</string>
		</dict>
		<key>ED122BDC181057BD00A70384</key>
		<dict>
			<key>isa</key>
			<string>PBXFileReference</string>
			<key>lastKnownFileType</key>
			<string>text.plist.strings</string>
			<key>name</key>
			<string>en</string>
			<key>path</key>
			<string>en.lproj/InfoPlist.strings</string>
			<key>sourceTree</key>
			<string>&lt;group&gt;</string>
		</dict>
		<key>ED122BDD181057BD00A70384</key>
		<dict>
			<key>fileRef</key>
			<string>ED122BDB181057BD00A70384</string>
			<key>isa</key>
			<string>PBXBuildFile</string>
		</dict>
		<key>ED122BDE181057BD00A70384</key>
		<dict>
			<key>isa</key>
			<string>PBXFileReference</string>
			<key>lastKnownFileType</key>
			<string>sourcecode.c.objc</string>
			<key>path</key>
			<string>main.m</string>
			<key>sourceTree</key>
			<string>&lt;group&gt;</string>
		</dict>
		<key>ED122BDF181057BD00A70384</key>
		<dict>
			<key>fileRef</key>
			<string>ED122BDE181057BD00A70384</string>
			<key>isa</key>
			<string>PBXBuildFile</string>
		</dict>
		<key>ED122BE0181057BD00A70384</key>
		<dict>
			<key>isa</key>
			<string>PBXFileReference</string>
			<key>lastKnownFileType</key>
			<string>sourcecode.c.h</string>
			<key>path</key>
			<string>FBGraphAPISample-Prefix.pch</string>
			<key>sourceTree</key>
			<string>&lt;group&gt;</string>
		</dict>
		<key>ED122BE1181057BD00A70384</key>
		<dict>
			<key>isa</key>
			<string>PBXFileReference</string>
			<key>lastKnownFileType</key>
			<string>sourcecode.c.h</string>
			<key>path</key>
			<string>AppDelegate.h</string>
			<key>sourceTree</key>
			<string>&lt;group&gt;</string>
		</dict>
		<key>ED122BE2181057BD00A70384</key>
		<dict>
			<key>isa</key>
			<string>PBXFileReference</string>
			<key>lastKnownFileType</key>
			<string>sourcecode.c.objc</string>
			<key>path</key>
			<string>AppDelegate.m</string>
			<key>sourceTree</key>
			<string>&lt;group&gt;</string>
		</dict>
		<key>ED122BE3181057BD00A70384</key>
		<dict>
			<key>fileRef</key>
			<string>ED122BE2181057BD00A70384</string>
			<key>isa</key>
			<string>PBXBuildFile</string>
		</dict>
		<key>ED122BE4181057BD00A70384</key>
		<dict>
			<key>isa</key>
			<string>PBXFileReference</string>
			<key>lastKnownFileType</key>
			<string>folder.assetcatalog</string>
			<key>path</key>
			<string>Images.xcassets</string>
			<key>sourceTree</key>
			<string>&lt;group&gt;</string>
		</dict>
		<key>ED122BE5181057BD00A70384</key>
		<dict>
			<key>fileRef</key>
			<string>ED122BE4181057BD00A70384</string>
			<key>isa</key>
			<string>PBXBuildFile</string>
		</dict>
		<key>ED122BE6181057BD00A70384</key>
		<dict>
			<key>buildActionMask</key>
			<string>2147483647</string>
			<key>files</key>
			<array>
				<string>ED122BF8181057BD00A70384</string>
			</array>
			<key>isa</key>
			<string>PBXSourcesBuildPhase</string>
			<key>runOnlyForDeploymentPostprocessing</key>
			<string>0</string>
		</dict>
		<key>ED122BE7181057BD00A70384</key>
		<dict>
			<key>buildActionMask</key>
			<string>2147483647</string>
			<key>files</key>
			<array>
				<string>ED122BEC181057BD00A70384</string>
				<string>ED122BEE181057BD00A70384</string>
				<string>ED122BED181057BD00A70384</string>
			</array>
			<key>isa</key>
			<string>PBXFrameworksBuildPhase</string>
			<key>runOnlyForDeploymentPostprocessing</key>
			<string>0</string>
		</dict>
		<key>ED122BE8181057BD00A70384</key>
		<dict>
			<key>buildActionMask</key>
			<string>2147483647</string>
			<key>files</key>
			<array>
				<string>ED122BF6181057BD00A70384</string>
			</array>
			<key>isa</key>
			<string>PBXResourcesBuildPhase</string>
			<key>runOnlyForDeploymentPostprocessing</key>
			<string>0</string>
		</dict>
		<key>ED122BE9181057BD00A70384</key>
		<dict>
			<key>buildConfigurationList</key>
			<string>ED122BFE181057BD00A70384</string>
			<key>buildPhases</key>
			<array>
				<string>ED122BE6181057BD00A70384</string>
				<string>ED122BE7181057BD00A70384</string>
				<string>ED122BE8181057BD00A70384</string>
			</array>
			<key>buildRules</key>
			<array/>
			<key>dependencies</key>
			<array>
				<string>ED122BF0181057BD00A70384</string>
			</array>
			<key>isa</key>
			<string>PBXNativeTarget</string>
			<key>name</key>
			<string>FBGraphAPISampleTests</string>
			<key>productName</key>
			<string>FBGraphAPISampleTests</string>
			<key>productReference</key>
			<string>ED122BEA181057BD00A70384</string>
			<key>productType</key>
			<string>com.apple.product-type.bundle.unit-test</string>
		</dict>
		<key>ED122BEA181057BD00A70384</key>
		<dict>
			<key>explicitFileType</key>
			<string>wrapper.cfbundle</string>
			<key>includeInIndex</key>
			<string>0</string>
			<key>isa</key>
			<string>PBXFileReference</string>
			<key>path</key>
			<string>FBGraphAPISampleTests.xctest</string>
			<key>sourceTree</key>
			<string>BUILT_PRODUCTS_DIR</string>
		</dict>
		<key>ED122BEB181057BD00A70384</key>
		<dict>
			<key>isa</key>
			<string>PBXFileReference</string>
			<key>lastKnownFileType</key>
			<string>wrapper.framework</string>
			<key>name</key>
			<string>XCTest.framework</string>
			<key>path</key>
			<string>Library/Frameworks/XCTest.framework</string>
			<key>sourceTree</key>
			<string>DEVELOPER_DIR</string>
		</dict>
		<key>ED122BEC181057BD00A70384</key>
		<dict>
			<key>fileRef</key>
			<string>ED122BEB181057BD00A70384</string>
			<key>isa</key>
			<string>PBXBuildFile</string>
		</dict>
		<key>ED122BED181057BD00A70384</key>
		<dict>
			<key>fileRef</key>
			<string>ED122BD2181057BD00A70384</string>
			<key>isa</key>
			<string>PBXBuildFile</string>
		</dict>
		<key>ED122BEE181057BD00A70384</key>
		<dict>
			<key>fileRef</key>
			<string>ED122BD6181057BD00A70384</string>
			<key>isa</key>
			<string>PBXBuildFile</string>
		</dict>
		<key>ED122BEF181057BD00A70384</key>
		<dict>
			<key>containerPortal</key>
			<string>ED122BC7181057BC00A70384</string>
			<key>isa</key>
			<string>PBXContainerItemProxy</string>
			<key>proxyType</key>
			<string>1</string>
			<key>remoteGlobalIDString</key>
			<string>ED122BCE181057BC00A70384</string>
			<key>remoteInfo</key>
			<string>FBGraphAPISample</string>
		</dict>
		<key>ED122BF0181057BD00A70384</key>
		<dict>
			<key>isa</key>
			<string>PBXTargetDependency</string>
			<key>target</key>
			<string>ED122BCE181057BC00A70384</string>
			<key>targetProxy</key>
			<string>ED122BEF181057BD00A70384</string>
		</dict>
		<key>ED122BF1181057BD00A70384</key>
		<dict>
			<key>children</key>
			<array>
				<string>ED122BF7181057BD00A70384</string>
				<string>ED122BF2181057BD00A70384</string>
			</array>
			<key>isa</key>
			<string>PBXGroup</string>
			<key>path</key>
			<string>FBGraphAPISampleTests</string>
			<key>sourceTree</key>
			<string>&lt;group&gt;</string>
		</dict>
		<key>ED122BF2181057BD00A70384</key>
		<dict>
			<key>children</key>
			<array>
				<string>ED122BF3181057BD00A70384</string>
				<string>ED122BF4181057BD00A70384</string>
			</array>
			<key>isa</key>
			<string>PBXGroup</string>
			<key>name</key>
			<string>Supporting Files</string>
			<key>sourceTree</key>
			<string>&lt;group&gt;</string>
		</dict>
		<key>ED122BF3181057BD00A70384</key>
		<dict>
			<key>isa</key>
			<string>PBXFileReference</string>
			<key>lastKnownFileType</key>
			<string>text.plist.xml</string>
			<key>path</key>
			<string>FBGraphAPISampleTests-Info.plist</string>
			<key>sourceTree</key>
			<string>&lt;group&gt;</string>
		</dict>
		<key>ED122BF4181057BD00A70384</key>
		<dict>
			<key>children</key>
			<array>
				<string>ED122BF5181057BD00A70384</string>
			</array>
			<key>isa</key>
			<string>PBXVariantGroup</string>
			<key>name</key>
			<string>InfoPlist.strings</string>
			<key>sourceTree</key>
			<string>&lt;group&gt;</string>
		</dict>
		<key>ED122BF5181057BD00A70384</key>
		<dict>
			<key>isa</key>
			<string>PBXFileReference</string>
			<key>lastKnownFileType</key>
			<string>text.plist.strings</string>
			<key>name</key>
			<string>en</string>
			<key>path</key>
			<string>en.lproj/InfoPlist.strings</string>
			<key>sourceTree</key>
			<string>&lt;group&gt;</string>
		</dict>
		<key>ED122BF6181057BD00A70384</key>
		<dict>
			<key>fileRef</key>
			<string>ED122BF4181057BD00A70384</string>
			<key>isa</key>
			<string>PBXBuildFile</string>
		</dict>
		<key>ED122BF7181057BD00A70384</key>
		<dict>
			<key>isa</key>
			<string>PBXFileReference</string>
			<key>lastKnownFileType</key>
			<string>sourcecode.c.objc</string>
			<key>path</key>
			<string>FBGraphAPISampleTests.m</string>
			<key>sourceTree</key>
			<string>&lt;group&gt;</string>
		</dict>
		<key>ED122BF8181057BD00A70384</key>
		<dict>
			<key>fileRef</key>
			<string>ED122BF7181057BD00A70384</string>
			<key>isa</key>
			<string>PBXBuildFile</string>
		</dict>
		<key>ED122BF9181057BD00A70384</key>
		<dict>
			<key>buildSettings</key>
			<dict>
				<key>ALWAYS_SEARCH_USER_PATHS</key>
				<string>NO</string>
				<key>CLANG_CXX_LANGUAGE_STANDARD</key>
				<string>gnu++0x</string>
				<key>CLANG_CXX_LIBRARY</key>
				<string>libc++</string>
				<key>CLANG_ENABLE_MODULES</key>
				<string>YES</string>
				<key>CLANG_ENABLE_OBJC_ARC</key>
				<string>YES</string>
				<key>CLANG_WARN_BOOL_CONVERSION</key>
				<string>YES</string>
				<key>CLANG_WARN_CONSTANT_CONVERSION</key>
				<string>YES</string>
				<key>CLANG_WARN_DIRECT_OBJC_ISA_USAGE</key>
				<string>YES_ERROR</string>
				<key>CLANG_WARN_EMPTY_BODY</key>
				<string>YES</string>
				<key>CLANG_WARN_ENUM_CONVERSION</key>
				<string>YES</string>
				<key>CLANG_WARN_INT_CONVERSION</key>
				<string>YES</string>
				<key>CLANG_WARN_OBJC_ROOT_CLASS</key>
				<string>YES_ERROR</string>
				<key>CLANG_WARN__DUPLICATE_METHOD_MATCH</key>
				<string>YES</string>
				<key>CODE_SIGN_IDENTITY[sdk=iphoneos*]</key>
				<string>iPhone Developer</string>
				<key>COPY_PHASE_STRIP</key>
				<string>NO</string>
				<key>GCC_C_LANGUAGE_STANDARD</key>
				<string>gnu99</string>
				<key>GCC_DYNAMIC_NO_PIC</key>
				<string>NO</string>
				<key>GCC_OPTIMIZATION_LEVEL</key>
				<string>0</string>
				<key>GCC_PREPROCESSOR_DEFINITIONS</key>
				<array>
					<string>DEBUG=1</string>
					<string>$(inherited)</string>
				</array>
				<key>GCC_SYMBOLS_PRIVATE_EXTERN</key>
				<string>NO</string>
				<key>GCC_WARN_ABOUT_RETURN_TYPE</key>
				<string>YES_ERROR</string>
				<key>GCC_WARN_UNDECLARED_SELECTOR</key>
				<string>YES</string>
				<key>GCC_WARN_UNINITIALIZED_AUTOS</key>
				<string>YES</string>
				<key>GCC_WARN_UNUSED_FUNCTION</key>
				<string>YES</string>
				<key>GCC_WARN_UNUSED_VARIABLE</key>
				<string>YES</string>
				<key>IPHONEOS_DEPLOYMENT_TARGET</key>
				<string>7.0</string>
				<key>ONLY_ACTIVE_ARCH</key>
				<string>YES</string>
				<key>SDKROOT</key>
				<string>iphoneos</string>
			</dict>
			<key>isa</key>
			<string>XCBuildConfiguration</string>
			<key>name</key>
			<string>Debug</string>
		</dict>
		<key>ED122BFA181057BD00A70384</key>
		<dict>
			<key>buildSettings</key>
			<dict>
				<key>ALWAYS_SEARCH_USER_PATHS</key>
				<string>NO</string>
				<key>CLANG_CXX_LANGUAGE_STANDARD</key>
				<string>gnu++0x</string>
				<key>CLANG_CXX_LIBRARY</key>
				<string>libc++</string>
				<key>CLANG_ENABLE_MODULES</key>
				<string>YES</string>
				<key>CLANG_ENABLE_OBJC_ARC</key>
				<string>YES</string>
				<key>CLANG_WARN_BOOL_CONVERSION</key>
				<string>YES</string>
				<key>CLANG_WARN_CONSTANT_CONVERSION</key>
				<string>YES</string>
				<key>CLANG_WARN_DIRECT_OBJC_ISA_USAGE</key>
				<string>YES_ERROR</string>
				<key>CLANG_WARN_EMPTY_BODY</key>
				<string>YES</string>
				<key>CLANG_WARN_ENUM_CONVERSION</key>
				<string>YES</string>
				<key>CLANG_WARN_INT_CONVERSION</key>
				<string>YES</string>
				<key>CLANG_WARN_OBJC_ROOT_CLASS</key>
				<string>YES_ERROR</string>
				<key>CLANG_WARN__DUPLICATE_METHOD_MATCH</key>
				<string>YES</string>
				<key>CODE_SIGN_IDENTITY[sdk=iphoneos*]</key>
				<string>iPhone Developer</string>
				<key>COPY_PHASE_STRIP</key>
				<string>YES</string>
				<key>ENABLE_NS_ASSERTIONS</key>
				<string>NO</string>
				<key>GCC_C_LANGUAGE_STANDARD</key>
				<string>gnu99</string>
				<key>GCC_WARN_ABOUT_RETURN_TYPE</key>
				<string>YES_ERROR</string>
				<key>GCC_WARN_UNDECLARED_SELECTOR</key>
				<string>YES</string>
				<key>GCC_WARN_UNINITIALIZED_AUTOS</key>
				<string>YES</string>
				<key>GCC_WARN_UNUSED_FUNCTION</key>
				<string>YES</string>
				<key>GCC_WARN_UNUSED_VARIABLE</key>
				<string>YES</string>
				<key>IPHONEOS_DEPLOYMENT_TARGET</key>
				<string>7.0</string>
				<key>SDKROOT</key>
				<string>iphoneos</string>
				<key>VALIDATE_PRODUCT</key>
				<string>YES</string>
			</dict>
			<key>isa</key>
			<string>XCBuildConfiguration</string>
			<key>name</key>
			<string>Release</string>
		</dict>
		<key>ED122BFB181057BD00A70384</key>
		<dict>
			<key>buildConfigurations</key>
			<array>
				<string>ED122BFC181057BD00A70384</string>
				<string>ED122BFD181057BD00A70384</string>
			</array>
			<key>defaultConfigurationIsVisible</key>
			<string>0</string>
			<key>isa</key>
			<string>XCConfigurationList</string>
		</dict>
		<key>ED122BFC181057BD00A70384</key>
		<dict>
			<key>buildSettings</key>
			<dict>
				<key>ASSETCATALOG_COMPILER_APPICON_NAME</key>
				<string>AppIcon</string>
				<key>ASSETCATALOG_COMPILER_LAUNCHIMAGE_NAME</key>
				<string>LaunchImage</string>
				<key>FRAMEWORK_SEARCH_PATHS</key>
				<array>
					<string>$(inherited)</string>
					<string>$(SRCROOT)/..</string>
					<string>$(PROJECT_DIR)</string>
				</array>
				<key>GCC_PRECOMPILE_PREFIX_HEADER</key>
				<string>YES</string>
				<key>GCC_PREFIX_HEADER</key>
				<string>FBGraphAPISample/FBGraphAPISample-Prefix.pch</string>
				<key>INFOPLIST_FILE</key>
				<string>FBGraphAPISample/FBGraphAPISample-Info.plist</string>
				<key>PRODUCT_NAME</key>
				<string>$(TARGET_NAME)</string>
				<key>WRAPPER_EXTENSION</key>
				<string>app</string>
			</dict>
			<key>isa</key>
			<string>XCBuildConfiguration</string>
			<key>name</key>
			<string>Debug</string>
		</dict>
		<key>ED122BFD181057BD00A70384</key>
		<dict>
			<key>buildSettings</key>
			<dict>
				<key>ASSETCATALOG_COMPILER_APPICON_NAME</key>
				<string>AppIcon</string>
				<key>ASSETCATALOG_COMPILER_LAUNCHIMAGE_NAME</key>
				<string>LaunchImage</string>
				<key>FRAMEWORK_SEARCH_PATHS</key>
				<array>
					<string>$(inherited)</string>
					<string>$(SRCROOT)/..</string>
					<string>$(PROJECT_DIR)</string>
				</array>
				<key>GCC_PRECOMPILE_PREFIX_HEADER</key>
				<string>YES</string>
				<key>GCC_PREFIX_HEADER</key>
				<string>FBGraphAPISample/FBGraphAPISample-Prefix.pch</string>
				<key>INFOPLIST_FILE</key>
				<string>FBGraphAPISample/FBGraphAPISample-Info.plist</string>
				<key>PRODUCT_NAME</key>
				<string>$(TARGET_NAME)</string>
				<key>WRAPPER_EXTENSION</key>
				<string>app</string>
			</dict>
			<key>isa</key>
			<string>XCBuildConfiguration</string>
			<key>name</key>
			<string>Release</string>
		</dict>
		<key>ED122BFE181057BD00A70384</key>
		<dict>
			<key>buildConfigurations</key>
			<array>
				<string>ED122BFF181057BD00A70384</string>
				<string>ED122C00181057BD00A70384</string>
			</array>
			<key>defaultConfigurationIsVisible</key>
			<string>0</string>
			<key>isa</key>
			<string>XCConfigurationList</string>
		</dict>
		<key>ED122BFF181057BD00A70384</key>
		<dict>
			<key>buildSettings</key>
			<dict>
				<key>BUNDLE_LOADER</key>
				<string>$(BUILT_PRODUCTS_DIR)/FBGraphAPISample.app/FBGraphAPISample</string>
				<key>FRAMEWORK_SEARCH_PATHS</key>
				<array>
					<string>$(SDKROOT)/Developer/Library/Frameworks</string>
					<string>$(inherited)</string>
					<string>$(SYSTEM_APPS_DIR)/Xcode5-DP3.app/Contents/Developer/Library/Frameworks</string>
				</array>
				<key>GCC_PRECOMPILE_PREFIX_HEADER</key>
				<string>YES</string>
				<key>GCC_PREFIX_HEADER</key>
				<string>FBGraphAPISample/FBGraphAPISample-Prefix.pch</string>
				<key>GCC_PREPROCESSOR_DEFINITIONS</key>
				<array>
					<string>DEBUG=1</string>
					<string>$(inherited)</string>
				</array>
				<key>INFOPLIST_FILE</key>
				<string>FBGraphAPISampleTests/FBGraphAPISampleTests-Info.plist</string>
				<key>PRODUCT_NAME</key>
				<string>$(TARGET_NAME)</string>
				<key>TEST_HOST</key>
				<string>$(BUNDLE_LOADER)</string>
				<key>WRAPPER_EXTENSION</key>
				<string>xctest</string>
			</dict>
			<key>isa</key>
			<string>XCBuildConfiguration</string>
			<key>name</key>
			<string>Debug</string>
		</dict>
		<key>ED122C00181057BD00A70384</key>
		<dict>
			<key>buildSettings</key>
			<dict>
				<key>BUNDLE_LOADER</key>
				<string>$(BUILT_PRODUCTS_DIR)/FBGraphAPISample.app/FBGraphAPISample</string>
				<key>FRAMEWORK_SEARCH_PATHS</key>
				<array>
					<string>$(SDKROOT)/Developer/Library/Frameworks</string>
					<string>$(inherited)</string>
					<string>$(SYSTEM_APPS_DIR)/Xcode5-DP3.app/Contents/Developer/Library/Frameworks</string>
				</array>
				<key>GCC_PRECOMPILE_PREFIX_HEADER</key>
				<string>YES</string>
				<key>GCC_PREFIX_HEADER</key>
				<string>FBGraphAPISample/FBGraphAPISample-Prefix.pch</string>
				<key>INFOPLIST_FILE</key>
				<string>FBGraphAPISampleTests/FBGraphAPISampleTests-Info.plist</string>
				<key>PRODUCT_NAME</key>
				<string>$(TARGET_NAME)</string>
				<key>TEST_HOST</key>
				<string>$(BUNDLE_LOADER)</string>
				<key>WRAPPER_EXTENSION</key>
				<string>xctest</string>
			</dict>
			<key>isa</key>
			<string>XCBuildConfiguration</string>
			<key>name</key>
			<string>Release</string>
		</dict>
		<key>ED122C011810589E00A70384</key>
		<dict>
			<key>fileEncoding</key>
			<string>4</string>
			<key>isa</key>
			<string>PBXFileReference</string>
			<key>lastKnownFileType</key>
			<string>sourcecode.c.h</string>
			<key>path</key>
			<string>GraphAPICallsViewController.h</string>
			<key>sourceTree</key>
			<string>&lt;group&gt;</string>
		</dict>
		<key>ED122C021810589E00A70384</key>
		<dict>
			<key>fileEncoding</key>
			<string>4</string>
			<key>isa</key>
			<string>PBXFileReference</string>
			<key>lastKnownFileType</key>
			<string>sourcecode.c.objc</string>
			<key>path</key>
			<string>GraphAPICallsViewController.m</string>
			<key>sourceTree</key>
			<string>&lt;group&gt;</string>
		</dict>
		<key>ED122C031810589E00A70384</key>
		<dict>
			<key>fileEncoding</key>
			<string>4</string>
			<key>isa</key>
			<string>PBXFileReference</string>
			<key>lastKnownFileType</key>
			<string>file.xib</string>
			<key>path</key>
			<string>GraphAPICallsViewController.xib</string>
			<key>sourceTree</key>
			<string>&lt;group&gt;</string>
		</dict>
		<key>ED122C041810589E00A70384</key>
		<dict>
			<key>fileRef</key>
			<string>ED122C021810589E00A70384</string>
			<key>isa</key>
			<string>PBXBuildFile</string>
		</dict>
		<key>ED122C051810589E00A70384</key>
		<dict>
			<key>fileRef</key>
			<string>ED122C031810589E00A70384</string>
			<key>isa</key>
			<string>PBXBuildFile</string>
		</dict>
		<key>ED122C0618105C0B00A70384</key>
		<dict>
			<key>isa</key>
			<string>PBXFileReference</string>
			<key>lastKnownFileType</key>
			<string>wrapper.framework</string>
			<key>name</key>
			<string>FacebookSDK.framework</string>
			<key>path</key>
			<string>../FacebookSDK.framework</string>
			<key>sourceTree</key>
			<string>&lt;group&gt;</string>
		</dict>
		<key>ED122C0718105C0B00A70384</key>
		<dict>
			<key>fileRef</key>
			<string>ED122C0618105C0B00A70384</string>
			<key>isa</key>
			<string>PBXBuildFile</string>
		</dict>
		<key>F3D1DBA94C26B29B1DDE0302</key>
		<dict>
			<key>isa</key>
			<string>PBXFileReference</string>
			<key>lastKnownFileType</key>
			<string>wrapper.framework</string>
			<key>name</key>
			<string>AssetsLibrary.framework</string>
			<key>path</key>
			<string>System/Library/Frameworks/AssetsLibrary.framework</string>
			<key>sourceTree</key>
			<string>SDKROOT</string>
		</dict>
		<key>FE65E42EBD770AD037BC702B</key>
		<dict>
			<key>isa</key>
			<string>PBXFileReference</string>
			<key>lastKnownFileType</key>
			<string>wrapper.framework</string>
			<key>name</key>
			<string>AVFoundation.framework</string>
			<key>path</key>
			<string>System/Library/Frameworks/AVFoundation.framework</string>
			<key>sourceTree</key>
			<string>SDKROOT</string>
		</dict>
	</dict>
	<key>rootObject</key>
	<string>ED122BC7181057BC00A70384</string>
</dict>
</plist>
